// !$*UTF8*$!
{
	archiveVersion = 1;
	classes = {
	};
	objectVersion = 50;
	objects = {

/* Begin PBXBuildFile section */
		1636F20A2564630A00AB4D3F /* lvl4.json in Resources */ = {isa = PBXBuildFile; fileRef = 1636F2092564630A00AB4D3F /* lvl4.json */; };
		165E1A012554958700BA72CA /* UserDefaultCommands.swift in Sources */ = {isa = PBXBuildFile; fileRef = 165E1A002554958700BA72CA /* UserDefaultCommands.swift */; };
		165E1A122555C2F600BA72CA /* Map.storyboard in Resources */ = {isa = PBXBuildFile; fileRef = 165E1A112555C2F600BA72CA /* Map.storyboard */; };
		168AE0282559C1840089CBBC /* Launch Screen.storyboard in Resources */ = {isa = PBXBuildFile; fileRef = 168AE0272559C1840089CBBC /* Launch Screen.storyboard */; };
		168AE0382559C39A0089CBBC /* launch.png in Resources */ = {isa = PBXBuildFile; fileRef = 168AE0372559C39A0089CBBC /* launch.png */; };
		16A747D7254B2F8500D59C71 /* Instruction.storyboard in Resources */ = {isa = PBXBuildFile; fileRef = 16A747D6254B2F8500D59C71 /* Instruction.storyboard */; };
		16A747DC254B2F9100D59C71 /* Instruction.swift in Sources */ = {isa = PBXBuildFile; fileRef = 16A747DB254B2F9100D59C71 /* Instruction.swift */; };
		16CA95D22549EAF8003038C9 /* Map.swift in Sources */ = {isa = PBXBuildFile; fileRef = 16CA95D12549EAF8003038C9 /* Map.swift */; };
		16EA97772555F12C00DFFC5F /* Even-Regular.ttf in Resources */ = {isa = PBXBuildFile; fileRef = 16EA972E2555F12B00DFFC5F /* Even-Regular.ttf */; };
		16EA97782555F12C00DFFC5F /* blogger-sans-ot-guide.pdf in Resources */ = {isa = PBXBuildFile; fileRef = 16EA97302555F12B00DFFC5F /* blogger-sans-ot-guide.pdf */; };
		16EA97792555F12C00DFFC5F /* Blogger Sans-Light Italic.ttf in Resources */ = {isa = PBXBuildFile; fileRef = 16EA97322555F12B00DFFC5F /* Blogger Sans-Light Italic.ttf */; };
		16EA977A2555F12C00DFFC5F /* Blogger Sans-Bold.ttf in Resources */ = {isa = PBXBuildFile; fileRef = 16EA97332555F12B00DFFC5F /* Blogger Sans-Bold.ttf */; };
		16EA977B2555F12C00DFFC5F /* Blogger Sans.ttf in Resources */ = {isa = PBXBuildFile; fileRef = 16EA97342555F12B00DFFC5F /* Blogger Sans.ttf */; };
		16EA977C2555F12C00DFFC5F /* Blogger Sans-Italic.ttf in Resources */ = {isa = PBXBuildFile; fileRef = 16EA97352555F12B00DFFC5F /* Blogger Sans-Italic.ttf */; };
		16EA977D2555F12C00DFFC5F /* Blogger Sans-Medium Italic.ttf in Resources */ = {isa = PBXBuildFile; fileRef = 16EA97362555F12B00DFFC5F /* Blogger Sans-Medium Italic.ttf */; };
		16EA977E2555F12C00DFFC5F /* Blogger Sans-Bold Italic.ttf in Resources */ = {isa = PBXBuildFile; fileRef = 16EA97372555F12B00DFFC5F /* Blogger Sans-Bold Italic.ttf */; };
		16EA977F2555F12C00DFFC5F /* Blogger Sans-Light.ttf in Resources */ = {isa = PBXBuildFile; fileRef = 16EA97382555F12B00DFFC5F /* Blogger Sans-Light.ttf */; };
		16EA97802555F12C00DFFC5F /* Blogger Sans-Medium.ttf in Resources */ = {isa = PBXBuildFile; fileRef = 16EA97392555F12B00DFFC5F /* Blogger Sans-Medium.ttf */; };
		16EA97812555F12C00DFFC5F /* BloggerSans.ttf in Resources */ = {isa = PBXBuildFile; fileRef = 16EA973C2555F12B00DFFC5F /* BloggerSans.ttf */; };
		16EA97822555F12C00DFFC5F /* BloggerSans-Bold.eot in Resources */ = {isa = PBXBuildFile; fileRef = 16EA973D2555F12B00DFFC5F /* BloggerSans-Bold.eot */; };
		16EA97832555F12C00DFFC5F /* BloggerSans-Italic.css in Resources */ = {isa = PBXBuildFile; fileRef = 16EA973E2555F12C00DFFC5F /* BloggerSans-Italic.css */; };
		16EA97842555F12C00DFFC5F /* BloggerSans-Italic.svg in Resources */ = {isa = PBXBuildFile; fileRef = 16EA973F2555F12C00DFFC5F /* BloggerSans-Italic.svg */; };
		16EA97852555F12C00DFFC5F /* BloggerSans-BoldItalic.ttf in Resources */ = {isa = PBXBuildFile; fileRef = 16EA97402555F12C00DFFC5F /* BloggerSans-BoldItalic.ttf */; };
		16EA97862555F12C00DFFC5F /* BloggerSans-Italic.woff in Resources */ = {isa = PBXBuildFile; fileRef = 16EA97412555F12C00DFFC5F /* BloggerSans-Italic.woff */; };
		16EA97872555F12C00DFFC5F /* BloggerSans-Bold.woff in Resources */ = {isa = PBXBuildFile; fileRef = 16EA97422555F12C00DFFC5F /* BloggerSans-Bold.woff */; };
		16EA97882555F12C00DFFC5F /* BloggerSans.eot in Resources */ = {isa = PBXBuildFile; fileRef = 16EA97432555F12C00DFFC5F /* BloggerSans.eot */; };
		16EA97892555F12C00DFFC5F /* BloggerSans-Bold.ttf in Resources */ = {isa = PBXBuildFile; fileRef = 16EA97442555F12C00DFFC5F /* BloggerSans-Bold.ttf */; };
		16EA978A2555F12C00DFFC5F /* BloggerSans.html in Resources */ = {isa = PBXBuildFile; fileRef = 16EA97452555F12C00DFFC5F /* BloggerSans.html */; };
		16EA978B2555F12C00DFFC5F /* BloggerSans-BoldItalic.eot in Resources */ = {isa = PBXBuildFile; fileRef = 16EA97462555F12C00DFFC5F /* BloggerSans-BoldItalic.eot */; };
		16EA978C2555F12C00DFFC5F /* BloggerSans-BoldItalic.woff in Resources */ = {isa = PBXBuildFile; fileRef = 16EA97472555F12C00DFFC5F /* BloggerSans-BoldItalic.woff */; };
		16EA978D2555F12C00DFFC5F /* BloggerSans-Italic.ttf in Resources */ = {isa = PBXBuildFile; fileRef = 16EA97482555F12C00DFFC5F /* BloggerSans-Italic.ttf */; };
		16EA978E2555F12C00DFFC5F /* BloggerSans-BoldItalic.svg in Resources */ = {isa = PBXBuildFile; fileRef = 16EA97492555F12C00DFFC5F /* BloggerSans-BoldItalic.svg */; };
		16EA978F2555F12C00DFFC5F /* BloggerSans-BoldItalic.html in Resources */ = {isa = PBXBuildFile; fileRef = 16EA974A2555F12C00DFFC5F /* BloggerSans-BoldItalic.html */; };
		16EA97902555F12C00DFFC5F /* BloggerSans.css in Resources */ = {isa = PBXBuildFile; fileRef = 16EA974B2555F12C00DFFC5F /* BloggerSans.css */; };
		16EA97912555F12C00DFFC5F /* BloggerSans.svg in Resources */ = {isa = PBXBuildFile; fileRef = 16EA974C2555F12C00DFFC5F /* BloggerSans.svg */; };
		16EA97922555F12C00DFFC5F /* BloggerSans.woff in Resources */ = {isa = PBXBuildFile; fileRef = 16EA974D2555F12C00DFFC5F /* BloggerSans.woff */; };
		16EA97932555F12C00DFFC5F /* BloggerSans-Bold.html in Resources */ = {isa = PBXBuildFile; fileRef = 16EA974E2555F12C00DFFC5F /* BloggerSans-Bold.html */; };
		16EA97942555F12C00DFFC5F /* BloggerSans-BoldItalic.css in Resources */ = {isa = PBXBuildFile; fileRef = 16EA974F2555F12C00DFFC5F /* BloggerSans-BoldItalic.css */; };
		16EA97952555F12C00DFFC5F /* BloggerSans-Italic.eot in Resources */ = {isa = PBXBuildFile; fileRef = 16EA97502555F12C00DFFC5F /* BloggerSans-Italic.eot */; };
		16EA97962555F12C00DFFC5F /* BloggerSans-Italic.html in Resources */ = {isa = PBXBuildFile; fileRef = 16EA97512555F12C00DFFC5F /* BloggerSans-Italic.html */; };
		16EA97972555F12C00DFFC5F /* BloggerSans-Bold.css in Resources */ = {isa = PBXBuildFile; fileRef = 16EA97522555F12C00DFFC5F /* BloggerSans-Bold.css */; };
		16EA97982555F12C00DFFC5F /* BloggerSans-Bold.svg in Resources */ = {isa = PBXBuildFile; fileRef = 16EA97532555F12C00DFFC5F /* BloggerSans-Bold.svg */; };
		16EA97992555F12C00DFFC5F /* BloggerSans-LightItalic.eot in Resources */ = {isa = PBXBuildFile; fileRef = 16EA97552555F12C00DFFC5F /* BloggerSans-LightItalic.eot */; };
		16EA979A2555F12C00DFFC5F /* BloggerSans-LightItalic.woff in Resources */ = {isa = PBXBuildFile; fileRef = 16EA97562555F12C00DFFC5F /* BloggerSans-LightItalic.woff */; };
		16EA979B2555F12C00DFFC5F /* BloggerSans-Light.svg in Resources */ = {isa = PBXBuildFile; fileRef = 16EA97572555F12C00DFFC5F /* BloggerSans-Light.svg */; };
		16EA979C2555F12C00DFFC5F /* BloggerSans-LightItalic.ttf in Resources */ = {isa = PBXBuildFile; fileRef = 16EA97582555F12C00DFFC5F /* BloggerSans-LightItalic.ttf */; };
		16EA979D2555F12C00DFFC5F /* BloggerSans-Light.woff in Resources */ = {isa = PBXBuildFile; fileRef = 16EA97592555F12C00DFFC5F /* BloggerSans-Light.woff */; };
		16EA979E2555F12C00DFFC5F /* BloggerSans-Light.css in Resources */ = {isa = PBXBuildFile; fileRef = 16EA975A2555F12C00DFFC5F /* BloggerSans-Light.css */; };
		16EA979F2555F12C00DFFC5F /* BloggerSans-Light.html in Resources */ = {isa = PBXBuildFile; fileRef = 16EA975B2555F12C00DFFC5F /* BloggerSans-Light.html */; };
		16EA97A02555F12C00DFFC5F /* BloggerSans-Light.eot in Resources */ = {isa = PBXBuildFile; fileRef = 16EA975C2555F12C00DFFC5F /* BloggerSans-Light.eot */; };
		16EA97A12555F12C00DFFC5F /* BloggerSans-LightItalic.svg in Resources */ = {isa = PBXBuildFile; fileRef = 16EA975D2555F12C00DFFC5F /* BloggerSans-LightItalic.svg */; };
		16EA97A22555F12C00DFFC5F /* BloggerSans-LightItalic.html in Resources */ = {isa = PBXBuildFile; fileRef = 16EA975E2555F12C00DFFC5F /* BloggerSans-LightItalic.html */; };
		16EA97A32555F12C00DFFC5F /* BloggerSans-LightItalic.css in Resources */ = {isa = PBXBuildFile; fileRef = 16EA975F2555F12C00DFFC5F /* BloggerSans-LightItalic.css */; };
		16EA97A42555F12C00DFFC5F /* BloggerSans-Light.ttf in Resources */ = {isa = PBXBuildFile; fileRef = 16EA97602555F12C00DFFC5F /* BloggerSans-Light.ttf */; };
		16EA97A52555F12C00DFFC5F /* BloggerSans-MediumItalic.ttf in Resources */ = {isa = PBXBuildFile; fileRef = 16EA97622555F12C00DFFC5F /* BloggerSans-MediumItalic.ttf */; };
		16EA97A62555F12C00DFFC5F /* BloggerSans-Medium.eot in Resources */ = {isa = PBXBuildFile; fileRef = 16EA97632555F12C00DFFC5F /* BloggerSans-Medium.eot */; };
		16EA97A72555F12C00DFFC5F /* BloggerSans-MediumItalic.woff in Resources */ = {isa = PBXBuildFile; fileRef = 16EA97642555F12C00DFFC5F /* BloggerSans-MediumItalic.woff */; };
		16EA97A82555F12C00DFFC5F /* BloggerSans-Medium.html in Resources */ = {isa = PBXBuildFile; fileRef = 16EA97652555F12C00DFFC5F /* BloggerSans-Medium.html */; };
		16EA97A92555F12C00DFFC5F /* BloggerSans-Medium.ttf in Resources */ = {isa = PBXBuildFile; fileRef = 16EA97662555F12C00DFFC5F /* BloggerSans-Medium.ttf */; };
		16EA97AA2555F12C00DFFC5F /* BloggerSans-MediumItalic.eot in Resources */ = {isa = PBXBuildFile; fileRef = 16EA97672555F12C00DFFC5F /* BloggerSans-MediumItalic.eot */; };
		16EA97AB2555F12C00DFFC5F /* BloggerSans-MediumItalic.css in Resources */ = {isa = PBXBuildFile; fileRef = 16EA97682555F12C00DFFC5F /* BloggerSans-MediumItalic.css */; };
		16EA97AC2555F12C00DFFC5F /* BloggerSans-MediumItalic.svg in Resources */ = {isa = PBXBuildFile; fileRef = 16EA97692555F12C00DFFC5F /* BloggerSans-MediumItalic.svg */; };
		16EA97AD2555F12C00DFFC5F /* BloggerSans-Medium.css in Resources */ = {isa = PBXBuildFile; fileRef = 16EA976A2555F12C00DFFC5F /* BloggerSans-Medium.css */; };
		16EA97AE2555F12C00DFFC5F /* BloggerSans-Medium.woff in Resources */ = {isa = PBXBuildFile; fileRef = 16EA976B2555F12C00DFFC5F /* BloggerSans-Medium.woff */; };
		16EA97AF2555F12C00DFFC5F /* BloggerSans-Medium.svg in Resources */ = {isa = PBXBuildFile; fileRef = 16EA976C2555F12C00DFFC5F /* BloggerSans-Medium.svg */; };
		16EA97B02555F12C00DFFC5F /* BloggerSans-MediumItalic.html in Resources */ = {isa = PBXBuildFile; fileRef = 16EA976D2555F12C00DFFC5F /* BloggerSans-MediumItalic.html */; };
		16EA97B12555F12C00DFFC5F /* Blogger Sans-Italic.otf in Resources */ = {isa = PBXBuildFile; fileRef = 16EA976F2555F12C00DFFC5F /* Blogger Sans-Italic.otf */; };
		16EA97B22555F12C00DFFC5F /* Blogger Sans.otf in Resources */ = {isa = PBXBuildFile; fileRef = 16EA97702555F12C00DFFC5F /* Blogger Sans.otf */; };
		16EA97B32555F12C00DFFC5F /* Blogger Sans-Light Italic.otf in Resources */ = {isa = PBXBuildFile; fileRef = 16EA97712555F12C00DFFC5F /* Blogger Sans-Light Italic.otf */; };
		16EA97B42555F12C00DFFC5F /* Blogger Sans-Bold.otf in Resources */ = {isa = PBXBuildFile; fileRef = 16EA97722555F12C00DFFC5F /* Blogger Sans-Bold.otf */; };
		16EA97B52555F12C00DFFC5F /* Blogger Sans-Light.otf in Resources */ = {isa = PBXBuildFile; fileRef = 16EA97732555F12C00DFFC5F /* Blogger Sans-Light.otf */; };
		16EA97B62555F12C00DFFC5F /* Blogger Sans-Medium.otf in Resources */ = {isa = PBXBuildFile; fileRef = 16EA97742555F12C00DFFC5F /* Blogger Sans-Medium.otf */; };
		16EA97B72555F12C00DFFC5F /* Blogger Sans-Medium Italic.otf in Resources */ = {isa = PBXBuildFile; fileRef = 16EA97752555F12C00DFFC5F /* Blogger Sans-Medium Italic.otf */; };
		16EA97B82555F12C00DFFC5F /* Blogger Sans-Bold Italic.otf in Resources */ = {isa = PBXBuildFile; fileRef = 16EA97762555F12C00DFFC5F /* Blogger Sans-Bold Italic.otf */; };
		89663370254B371D00EBF5DF /* PausePopUpView.swift in Sources */ = {isa = PBXBuildFile; fileRef = 8966336F254B371D00EBF5DF /* PausePopUpView.swift */; };
		89663375254B379700EBF5DF /* LevelCompletePopUpView.swift in Sources */ = {isa = PBXBuildFile; fileRef = 89663374254B379700EBF5DF /* LevelCompletePopUpView.swift */; };
		89A3A36B2559DD070049132F /* InstructionPopUpView.swift in Sources */ = {isa = PBXBuildFile; fileRef = 89A3A36A2559DD070049132F /* InstructionPopUpView.swift */; };
		BD87B5F225474D1A00F38CE1 /* AppDelegate.swift in Sources */ = {isa = PBXBuildFile; fileRef = BD87B5F125474D1A00F38CE1 /* AppDelegate.swift */; };
		BD87B5F425474D1A00F38CE1 /* GameScene.sks in Resources */ = {isa = PBXBuildFile; fileRef = BD87B5F325474D1A00F38CE1 /* GameScene.sks */; };
		BD87B5F625474D1A00F38CE1 /* Actions.sks in Resources */ = {isa = PBXBuildFile; fileRef = BD87B5F525474D1A00F38CE1 /* Actions.sks */; };
		BD87B5F825474D1B00F38CE1 /* GameScene.swift in Sources */ = {isa = PBXBuildFile; fileRef = BD87B5F725474D1A00F38CE1 /* GameScene.swift */; };
		BD87B5FA25474D1B00F38CE1 /* GameViewController.swift in Sources */ = {isa = PBXBuildFile; fileRef = BD87B5F925474D1B00F38CE1 /* GameViewController.swift */; };
		BD87B5FD25474D1B00F38CE1 /* Main.storyboard in Resources */ = {isa = PBXBuildFile; fileRef = BD87B5FB25474D1B00F38CE1 /* Main.storyboard */; };
		BD87B5FF25474D1D00F38CE1 /* Assets.xcassets in Resources */ = {isa = PBXBuildFile; fileRef = BD87B5FE25474D1D00F38CE1 /* Assets.xcassets */; };
		BD87B60A25474D1D00F38CE1 /* GameEvenTests.swift in Sources */ = {isa = PBXBuildFile; fileRef = BD87B60925474D1D00F38CE1 /* GameEvenTests.swift */; };
		BD87B61525474D1D00F38CE1 /* GameEvenUITests.swift in Sources */ = {isa = PBXBuildFile; fileRef = BD87B61425474D1D00F38CE1 /* GameEvenUITests.swift */; };
		BD87B6302548A63C00F38CE1 /* Square.swift in Sources */ = {isa = PBXBuildFile; fileRef = BD87B62F2548A63C00F38CE1 /* Square.swift */; };
		BD87B6382549E8B800F38CE1 /* Triangle.swift in Sources */ = {isa = PBXBuildFile; fileRef = BD87B6372549E8B800F38CE1 /* Triangle.swift */; };
		BD87B63D254A0C5700F38CE1 /* Draggable.swift in Sources */ = {isa = PBXBuildFile; fileRef = BD87B63C254A0C5700F38CE1 /* Draggable.swift */; };
		BD87B642254A0E7E00F38CE1 /* DraggableProtocol.swift in Sources */ = {isa = PBXBuildFile; fileRef = BD87B641254A0E7E00F38CE1 /* DraggableProtocol.swift */; };
		BD87B647254B354100F38CE1 /* Circle.swift in Sources */ = {isa = PBXBuildFile; fileRef = BD87B646254B354100F38CE1 /* Circle.swift */; };
		BDA32C4E255F046800A98D5F /* Localizable.strings in Resources */ = {isa = PBXBuildFile; fileRef = BDA32C50255F046800A98D5F /* Localizable.strings */; };
		BDD18D58255B2E25002EA912 /* TrianglePartsReader.swift in Sources */ = {isa = PBXBuildFile; fileRef = BDD18D57255B2E25002EA912 /* TrianglePartsReader.swift */; };
		BDD18D5D255B36E0002EA912 /* lvl3.json in Resources */ = {isa = PBXBuildFile; fileRef = BDD18D5C255B36E0002EA912 /* lvl3.json */; };
		BDE1E2F62551D277001566AD /* lvl1.json in Resources */ = {isa = PBXBuildFile; fileRef = BDE1E2F52551D277001566AD /* lvl1.json */; };
		BDE1E3062551D8E3001566AD /* lvlReader.swift in Sources */ = {isa = PBXBuildFile; fileRef = BDE1E3052551D8E3001566AD /* lvlReader.swift */; };
		BDE1E30B2551DA80001566AD /* PartsReader.swift in Sources */ = {isa = PBXBuildFile; fileRef = BDE1E30A2551DA80001566AD /* PartsReader.swift */; };
		BDE1E34525533E84001566AD /* lvl2.json in Resources */ = {isa = PBXBuildFile; fileRef = BDE1E34425533E84001566AD /* lvl2.json */; };
/* End PBXBuildFile section */

/* Begin PBXContainerItemProxy section */
		BD87B60625474D1D00F38CE1 /* PBXContainerItemProxy */ = {
			isa = PBXContainerItemProxy;
			containerPortal = BD87B5E625474D1A00F38CE1 /* Project object */;
			proxyType = 1;
			remoteGlobalIDString = BD87B5ED25474D1A00F38CE1;
			remoteInfo = GameEven;
		};
		BD87B61125474D1D00F38CE1 /* PBXContainerItemProxy */ = {
			isa = PBXContainerItemProxy;
			containerPortal = BD87B5E625474D1A00F38CE1 /* Project object */;
			proxyType = 1;
			remoteGlobalIDString = BD87B5ED25474D1A00F38CE1;
			remoteInfo = GameEven;
		};
/* End PBXContainerItemProxy section */

/* Begin PBXFileReference section */
		1636F2092564630A00AB4D3F /* lvl4.json */ = {isa = PBXFileReference; fileEncoding = 4; lastKnownFileType = text.json; path = lvl4.json; sourceTree = "<group>"; };
		165E1A002554958700BA72CA /* UserDefaultCommands.swift */ = {isa = PBXFileReference; lastKnownFileType = sourcecode.swift; path = UserDefaultCommands.swift; sourceTree = "<group>"; };
		165E1A112555C2F600BA72CA /* Map.storyboard */ = {isa = PBXFileReference; fileEncoding = 4; lastKnownFileType = file.storyboard; path = Map.storyboard; sourceTree = "<group>"; };
		168AE0272559C1840089CBBC /* Launch Screen.storyboard */ = {isa = PBXFileReference; lastKnownFileType = file.storyboard; name = "Launch Screen.storyboard"; path = "GameEven/Source Code/Launch Screen.storyboard"; sourceTree = SOURCE_ROOT; };
		168AE0372559C39A0089CBBC /* launch.png */ = {isa = PBXFileReference; lastKnownFileType = image.png; path = launch.png; sourceTree = "<group>"; };
		16A747D6254B2F8500D59C71 /* Instruction.storyboard */ = {isa = PBXFileReference; lastKnownFileType = file.storyboard; path = Instruction.storyboard; sourceTree = "<group>"; };
		16A747DB254B2F9100D59C71 /* Instruction.swift */ = {isa = PBXFileReference; lastKnownFileType = sourcecode.swift; path = Instruction.swift; sourceTree = "<group>"; };
		16CA95D12549EAF8003038C9 /* Map.swift */ = {isa = PBXFileReference; lastKnownFileType = sourcecode.swift; path = Map.swift; sourceTree = "<group>"; };
		16EA972E2555F12B00DFFC5F /* Even-Regular.ttf */ = {isa = PBXFileReference; lastKnownFileType = file; path = "Even-Regular.ttf"; sourceTree = "<group>"; };
		16EA97302555F12B00DFFC5F /* blogger-sans-ot-guide.pdf */ = {isa = PBXFileReference; lastKnownFileType = image.pdf; path = "blogger-sans-ot-guide.pdf"; sourceTree = "<group>"; };
		16EA97322555F12B00DFFC5F /* Blogger Sans-Light Italic.ttf */ = {isa = PBXFileReference; lastKnownFileType = file; path = "Blogger Sans-Light Italic.ttf"; sourceTree = "<group>"; };
		16EA97332555F12B00DFFC5F /* Blogger Sans-Bold.ttf */ = {isa = PBXFileReference; lastKnownFileType = file; path = "Blogger Sans-Bold.ttf"; sourceTree = "<group>"; };
		16EA97342555F12B00DFFC5F /* Blogger Sans.ttf */ = {isa = PBXFileReference; lastKnownFileType = file; path = "Blogger Sans.ttf"; sourceTree = "<group>"; };
		16EA97352555F12B00DFFC5F /* Blogger Sans-Italic.ttf */ = {isa = PBXFileReference; lastKnownFileType = file; path = "Blogger Sans-Italic.ttf"; sourceTree = "<group>"; };
		16EA97362555F12B00DFFC5F /* Blogger Sans-Medium Italic.ttf */ = {isa = PBXFileReference; lastKnownFileType = file; path = "Blogger Sans-Medium Italic.ttf"; sourceTree = "<group>"; };
		16EA97372555F12B00DFFC5F /* Blogger Sans-Bold Italic.ttf */ = {isa = PBXFileReference; lastKnownFileType = file; path = "Blogger Sans-Bold Italic.ttf"; sourceTree = "<group>"; };
		16EA97382555F12B00DFFC5F /* Blogger Sans-Light.ttf */ = {isa = PBXFileReference; lastKnownFileType = file; path = "Blogger Sans-Light.ttf"; sourceTree = "<group>"; };
		16EA97392555F12B00DFFC5F /* Blogger Sans-Medium.ttf */ = {isa = PBXFileReference; lastKnownFileType = file; path = "Blogger Sans-Medium.ttf"; sourceTree = "<group>"; };
		16EA973C2555F12B00DFFC5F /* BloggerSans.ttf */ = {isa = PBXFileReference; lastKnownFileType = file; path = BloggerSans.ttf; sourceTree = "<group>"; };
		16EA973D2555F12B00DFFC5F /* BloggerSans-Bold.eot */ = {isa = PBXFileReference; lastKnownFileType = file; path = "BloggerSans-Bold.eot"; sourceTree = "<group>"; };
		16EA973E2555F12C00DFFC5F /* BloggerSans-Italic.css */ = {isa = PBXFileReference; fileEncoding = 4; lastKnownFileType = text.css; path = "BloggerSans-Italic.css"; sourceTree = "<group>"; };
		16EA973F2555F12C00DFFC5F /* BloggerSans-Italic.svg */ = {isa = PBXFileReference; fileEncoding = 4; lastKnownFileType = text.xml; path = "BloggerSans-Italic.svg"; sourceTree = "<group>"; };
		16EA97402555F12C00DFFC5F /* BloggerSans-BoldItalic.ttf */ = {isa = PBXFileReference; lastKnownFileType = file; path = "BloggerSans-BoldItalic.ttf"; sourceTree = "<group>"; };
		16EA97412555F12C00DFFC5F /* BloggerSans-Italic.woff */ = {isa = PBXFileReference; lastKnownFileType = file; path = "BloggerSans-Italic.woff"; sourceTree = "<group>"; };
		16EA97422555F12C00DFFC5F /* BloggerSans-Bold.woff */ = {isa = PBXFileReference; lastKnownFileType = file; path = "BloggerSans-Bold.woff"; sourceTree = "<group>"; };
		16EA97432555F12C00DFFC5F /* BloggerSans.eot */ = {isa = PBXFileReference; lastKnownFileType = file; path = BloggerSans.eot; sourceTree = "<group>"; };
		16EA97442555F12C00DFFC5F /* BloggerSans-Bold.ttf */ = {isa = PBXFileReference; lastKnownFileType = file; path = "BloggerSans-Bold.ttf"; sourceTree = "<group>"; };
		16EA97452555F12C00DFFC5F /* BloggerSans.html */ = {isa = PBXFileReference; fileEncoding = 4; lastKnownFileType = text.html; path = BloggerSans.html; sourceTree = "<group>"; };
		16EA97462555F12C00DFFC5F /* BloggerSans-BoldItalic.eot */ = {isa = PBXFileReference; lastKnownFileType = file; path = "BloggerSans-BoldItalic.eot"; sourceTree = "<group>"; };
		16EA97472555F12C00DFFC5F /* BloggerSans-BoldItalic.woff */ = {isa = PBXFileReference; lastKnownFileType = file; path = "BloggerSans-BoldItalic.woff"; sourceTree = "<group>"; };
		16EA97482555F12C00DFFC5F /* BloggerSans-Italic.ttf */ = {isa = PBXFileReference; lastKnownFileType = file; path = "BloggerSans-Italic.ttf"; sourceTree = "<group>"; };
		16EA97492555F12C00DFFC5F /* BloggerSans-BoldItalic.svg */ = {isa = PBXFileReference; fileEncoding = 4; lastKnownFileType = text.xml; path = "BloggerSans-BoldItalic.svg"; sourceTree = "<group>"; };
		16EA974A2555F12C00DFFC5F /* BloggerSans-BoldItalic.html */ = {isa = PBXFileReference; fileEncoding = 4; lastKnownFileType = text.html; path = "BloggerSans-BoldItalic.html"; sourceTree = "<group>"; };
		16EA974B2555F12C00DFFC5F /* BloggerSans.css */ = {isa = PBXFileReference; fileEncoding = 4; lastKnownFileType = text.css; path = BloggerSans.css; sourceTree = "<group>"; };
		16EA974C2555F12C00DFFC5F /* BloggerSans.svg */ = {isa = PBXFileReference; fileEncoding = 4; lastKnownFileType = text.xml; path = BloggerSans.svg; sourceTree = "<group>"; };
		16EA974D2555F12C00DFFC5F /* BloggerSans.woff */ = {isa = PBXFileReference; lastKnownFileType = file; path = BloggerSans.woff; sourceTree = "<group>"; };
		16EA974E2555F12C00DFFC5F /* BloggerSans-Bold.html */ = {isa = PBXFileReference; fileEncoding = 4; lastKnownFileType = text.html; path = "BloggerSans-Bold.html"; sourceTree = "<group>"; };
		16EA974F2555F12C00DFFC5F /* BloggerSans-BoldItalic.css */ = {isa = PBXFileReference; fileEncoding = 4; lastKnownFileType = text.css; path = "BloggerSans-BoldItalic.css"; sourceTree = "<group>"; };
		16EA97502555F12C00DFFC5F /* BloggerSans-Italic.eot */ = {isa = PBXFileReference; lastKnownFileType = file; path = "BloggerSans-Italic.eot"; sourceTree = "<group>"; };
		16EA97512555F12C00DFFC5F /* BloggerSans-Italic.html */ = {isa = PBXFileReference; fileEncoding = 4; lastKnownFileType = text.html; path = "BloggerSans-Italic.html"; sourceTree = "<group>"; };
		16EA97522555F12C00DFFC5F /* BloggerSans-Bold.css */ = {isa = PBXFileReference; fileEncoding = 4; lastKnownFileType = text.css; path = "BloggerSans-Bold.css"; sourceTree = "<group>"; };
		16EA97532555F12C00DFFC5F /* BloggerSans-Bold.svg */ = {isa = PBXFileReference; fileEncoding = 4; lastKnownFileType = text.xml; path = "BloggerSans-Bold.svg"; sourceTree = "<group>"; };
		16EA97552555F12C00DFFC5F /* BloggerSans-LightItalic.eot */ = {isa = PBXFileReference; lastKnownFileType = file; path = "BloggerSans-LightItalic.eot"; sourceTree = "<group>"; };
		16EA97562555F12C00DFFC5F /* BloggerSans-LightItalic.woff */ = {isa = PBXFileReference; lastKnownFileType = file; path = "BloggerSans-LightItalic.woff"; sourceTree = "<group>"; };
		16EA97572555F12C00DFFC5F /* BloggerSans-Light.svg */ = {isa = PBXFileReference; fileEncoding = 4; lastKnownFileType = text.xml; path = "BloggerSans-Light.svg"; sourceTree = "<group>"; };
		16EA97582555F12C00DFFC5F /* BloggerSans-LightItalic.ttf */ = {isa = PBXFileReference; lastKnownFileType = file; path = "BloggerSans-LightItalic.ttf"; sourceTree = "<group>"; };
		16EA97592555F12C00DFFC5F /* BloggerSans-Light.woff */ = {isa = PBXFileReference; lastKnownFileType = file; path = "BloggerSans-Light.woff"; sourceTree = "<group>"; };
		16EA975A2555F12C00DFFC5F /* BloggerSans-Light.css */ = {isa = PBXFileReference; fileEncoding = 4; lastKnownFileType = text.css; path = "BloggerSans-Light.css"; sourceTree = "<group>"; };
		16EA975B2555F12C00DFFC5F /* BloggerSans-Light.html */ = {isa = PBXFileReference; fileEncoding = 4; lastKnownFileType = text.html; path = "BloggerSans-Light.html"; sourceTree = "<group>"; };
		16EA975C2555F12C00DFFC5F /* BloggerSans-Light.eot */ = {isa = PBXFileReference; lastKnownFileType = file; path = "BloggerSans-Light.eot"; sourceTree = "<group>"; };
		16EA975D2555F12C00DFFC5F /* BloggerSans-LightItalic.svg */ = {isa = PBXFileReference; fileEncoding = 4; lastKnownFileType = text.xml; path = "BloggerSans-LightItalic.svg"; sourceTree = "<group>"; };
		16EA975E2555F12C00DFFC5F /* BloggerSans-LightItalic.html */ = {isa = PBXFileReference; fileEncoding = 4; lastKnownFileType = text.html; path = "BloggerSans-LightItalic.html"; sourceTree = "<group>"; };
		16EA975F2555F12C00DFFC5F /* BloggerSans-LightItalic.css */ = {isa = PBXFileReference; fileEncoding = 4; lastKnownFileType = text.css; path = "BloggerSans-LightItalic.css"; sourceTree = "<group>"; };
		16EA97602555F12C00DFFC5F /* BloggerSans-Light.ttf */ = {isa = PBXFileReference; lastKnownFileType = file; path = "BloggerSans-Light.ttf"; sourceTree = "<group>"; };
		16EA97622555F12C00DFFC5F /* BloggerSans-MediumItalic.ttf */ = {isa = PBXFileReference; lastKnownFileType = file; path = "BloggerSans-MediumItalic.ttf"; sourceTree = "<group>"; };
		16EA97632555F12C00DFFC5F /* BloggerSans-Medium.eot */ = {isa = PBXFileReference; lastKnownFileType = file; path = "BloggerSans-Medium.eot"; sourceTree = "<group>"; };
		16EA97642555F12C00DFFC5F /* BloggerSans-MediumItalic.woff */ = {isa = PBXFileReference; lastKnownFileType = file; path = "BloggerSans-MediumItalic.woff"; sourceTree = "<group>"; };
		16EA97652555F12C00DFFC5F /* BloggerSans-Medium.html */ = {isa = PBXFileReference; fileEncoding = 4; lastKnownFileType = text.html; path = "BloggerSans-Medium.html"; sourceTree = "<group>"; };
		16EA97662555F12C00DFFC5F /* BloggerSans-Medium.ttf */ = {isa = PBXFileReference; lastKnownFileType = file; path = "BloggerSans-Medium.ttf"; sourceTree = "<group>"; };
		16EA97672555F12C00DFFC5F /* BloggerSans-MediumItalic.eot */ = {isa = PBXFileReference; lastKnownFileType = file; path = "BloggerSans-MediumItalic.eot"; sourceTree = "<group>"; };
		16EA97682555F12C00DFFC5F /* BloggerSans-MediumItalic.css */ = {isa = PBXFileReference; fileEncoding = 4; lastKnownFileType = text.css; path = "BloggerSans-MediumItalic.css"; sourceTree = "<group>"; };
		16EA97692555F12C00DFFC5F /* BloggerSans-MediumItalic.svg */ = {isa = PBXFileReference; fileEncoding = 4; lastKnownFileType = text.xml; path = "BloggerSans-MediumItalic.svg"; sourceTree = "<group>"; };
		16EA976A2555F12C00DFFC5F /* BloggerSans-Medium.css */ = {isa = PBXFileReference; fileEncoding = 4; lastKnownFileType = text.css; path = "BloggerSans-Medium.css"; sourceTree = "<group>"; };
		16EA976B2555F12C00DFFC5F /* BloggerSans-Medium.woff */ = {isa = PBXFileReference; lastKnownFileType = file; path = "BloggerSans-Medium.woff"; sourceTree = "<group>"; };
		16EA976C2555F12C00DFFC5F /* BloggerSans-Medium.svg */ = {isa = PBXFileReference; fileEncoding = 4; lastKnownFileType = text.xml; path = "BloggerSans-Medium.svg"; sourceTree = "<group>"; };
		16EA976D2555F12C00DFFC5F /* BloggerSans-MediumItalic.html */ = {isa = PBXFileReference; fileEncoding = 4; lastKnownFileType = text.html; path = "BloggerSans-MediumItalic.html"; sourceTree = "<group>"; };
		16EA976F2555F12C00DFFC5F /* Blogger Sans-Italic.otf */ = {isa = PBXFileReference; lastKnownFileType = file; path = "Blogger Sans-Italic.otf"; sourceTree = "<group>"; };
		16EA97702555F12C00DFFC5F /* Blogger Sans.otf */ = {isa = PBXFileReference; lastKnownFileType = file; path = "Blogger Sans.otf"; sourceTree = "<group>"; };
		16EA97712555F12C00DFFC5F /* Blogger Sans-Light Italic.otf */ = {isa = PBXFileReference; lastKnownFileType = file; path = "Blogger Sans-Light Italic.otf"; sourceTree = "<group>"; };
		16EA97722555F12C00DFFC5F /* Blogger Sans-Bold.otf */ = {isa = PBXFileReference; lastKnownFileType = file; path = "Blogger Sans-Bold.otf"; sourceTree = "<group>"; };
		16EA97732555F12C00DFFC5F /* Blogger Sans-Light.otf */ = {isa = PBXFileReference; lastKnownFileType = file; path = "Blogger Sans-Light.otf"; sourceTree = "<group>"; };
		16EA97742555F12C00DFFC5F /* Blogger Sans-Medium.otf */ = {isa = PBXFileReference; lastKnownFileType = file; path = "Blogger Sans-Medium.otf"; sourceTree = "<group>"; };
		16EA97752555F12C00DFFC5F /* Blogger Sans-Medium Italic.otf */ = {isa = PBXFileReference; lastKnownFileType = file; path = "Blogger Sans-Medium Italic.otf"; sourceTree = "<group>"; };
		16EA97762555F12C00DFFC5F /* Blogger Sans-Bold Italic.otf */ = {isa = PBXFileReference; lastKnownFileType = file; path = "Blogger Sans-Bold Italic.otf"; sourceTree = "<group>"; };
		8966336F254B371D00EBF5DF /* PausePopUpView.swift */ = {isa = PBXFileReference; fileEncoding = 4; lastKnownFileType = sourcecode.swift; path = PausePopUpView.swift; sourceTree = "<group>"; };
		89663374254B379700EBF5DF /* LevelCompletePopUpView.swift */ = {isa = PBXFileReference; lastKnownFileType = sourcecode.swift; path = LevelCompletePopUpView.swift; sourceTree = "<group>"; };
		89A3A36A2559DD070049132F /* InstructionPopUpView.swift */ = {isa = PBXFileReference; lastKnownFileType = sourcecode.swift; path = InstructionPopUpView.swift; sourceTree = "<group>"; };
		BD87B5EE25474D1A00F38CE1 /* GameEven.app */ = {isa = PBXFileReference; explicitFileType = wrapper.application; includeInIndex = 0; path = GameEven.app; sourceTree = BUILT_PRODUCTS_DIR; };
		BD87B5F125474D1A00F38CE1 /* AppDelegate.swift */ = {isa = PBXFileReference; lastKnownFileType = sourcecode.swift; path = AppDelegate.swift; sourceTree = "<group>"; };
		BD87B5F325474D1A00F38CE1 /* GameScene.sks */ = {isa = PBXFileReference; lastKnownFileType = file.sks; path = GameScene.sks; sourceTree = "<group>"; };
		BD87B5F525474D1A00F38CE1 /* Actions.sks */ = {isa = PBXFileReference; lastKnownFileType = file.sks; path = Actions.sks; sourceTree = "<group>"; };
		BD87B5F725474D1A00F38CE1 /* GameScene.swift */ = {isa = PBXFileReference; lastKnownFileType = sourcecode.swift; path = GameScene.swift; sourceTree = "<group>"; };
		BD87B5F925474D1B00F38CE1 /* GameViewController.swift */ = {isa = PBXFileReference; lastKnownFileType = sourcecode.swift; path = GameViewController.swift; sourceTree = "<group>"; };
		BD87B5FC25474D1B00F38CE1 /* Base */ = {isa = PBXFileReference; lastKnownFileType = file.storyboard; name = Base; path = Base.lproj/Main.storyboard; sourceTree = "<group>"; };
		BD87B5FE25474D1D00F38CE1 /* Assets.xcassets */ = {isa = PBXFileReference; lastKnownFileType = folder.assetcatalog; path = Assets.xcassets; sourceTree = "<group>"; };
		BD87B60025474D1D00F38CE1 /* Info.plist */ = {isa = PBXFileReference; lastKnownFileType = text.plist.xml; path = Info.plist; sourceTree = "<group>"; };
		BD87B60525474D1D00F38CE1 /* GameEvenTests.xctest */ = {isa = PBXFileReference; explicitFileType = wrapper.cfbundle; includeInIndex = 0; path = GameEvenTests.xctest; sourceTree = BUILT_PRODUCTS_DIR; };
		BD87B60925474D1D00F38CE1 /* GameEvenTests.swift */ = {isa = PBXFileReference; lastKnownFileType = sourcecode.swift; path = GameEvenTests.swift; sourceTree = "<group>"; };
		BD87B60B25474D1D00F38CE1 /* Info.plist */ = {isa = PBXFileReference; lastKnownFileType = text.plist.xml; path = Info.plist; sourceTree = "<group>"; };
		BD87B61025474D1D00F38CE1 /* GameEvenUITests.xctest */ = {isa = PBXFileReference; explicitFileType = wrapper.cfbundle; includeInIndex = 0; path = GameEvenUITests.xctest; sourceTree = BUILT_PRODUCTS_DIR; };
		BD87B61425474D1D00F38CE1 /* GameEvenUITests.swift */ = {isa = PBXFileReference; lastKnownFileType = sourcecode.swift; path = GameEvenUITests.swift; sourceTree = "<group>"; };
		BD87B61625474D1D00F38CE1 /* Info.plist */ = {isa = PBXFileReference; lastKnownFileType = text.plist.xml; path = Info.plist; sourceTree = "<group>"; };
		BD87B62F2548A63C00F38CE1 /* Square.swift */ = {isa = PBXFileReference; lastKnownFileType = sourcecode.swift; path = Square.swift; sourceTree = "<group>"; };
		BD87B6372549E8B800F38CE1 /* Triangle.swift */ = {isa = PBXFileReference; lastKnownFileType = sourcecode.swift; path = Triangle.swift; sourceTree = "<group>"; };
		BD87B63C254A0C5700F38CE1 /* Draggable.swift */ = {isa = PBXFileReference; lastKnownFileType = sourcecode.swift; path = Draggable.swift; sourceTree = "<group>"; };
		BD87B641254A0E7E00F38CE1 /* DraggableProtocol.swift */ = {isa = PBXFileReference; lastKnownFileType = sourcecode.swift; path = DraggableProtocol.swift; sourceTree = "<group>"; };
		BD87B646254B354100F38CE1 /* Circle.swift */ = {isa = PBXFileReference; lastKnownFileType = sourcecode.swift; path = Circle.swift; sourceTree = "<group>"; };
		BDA32C4F255F046800A98D5F /* en */ = {isa = PBXFileReference; lastKnownFileType = text.plist.strings; name = en; path = en.lproj/Localizable.strings; sourceTree = "<group>"; };
		BDA32C54255F046C00A98D5F /* pt-BR */ = {isa = PBXFileReference; lastKnownFileType = text.plist.strings; name = "pt-BR"; path = "pt-BR.lproj/Localizable.strings"; sourceTree = "<group>"; };
		BDD18D57255B2E25002EA912 /* TrianglePartsReader.swift */ = {isa = PBXFileReference; lastKnownFileType = sourcecode.swift; path = TrianglePartsReader.swift; sourceTree = "<group>"; };
		BDD18D5C255B36E0002EA912 /* lvl3.json */ = {isa = PBXFileReference; lastKnownFileType = text.json; path = lvl3.json; sourceTree = "<group>"; };
		BDE1E2F52551D277001566AD /* lvl1.json */ = {isa = PBXFileReference; lastKnownFileType = text.json; path = lvl1.json; sourceTree = "<group>"; };
		BDE1E3052551D8E3001566AD /* lvlReader.swift */ = {isa = PBXFileReference; lastKnownFileType = sourcecode.swift; path = lvlReader.swift; sourceTree = "<group>"; };
		BDE1E30A2551DA80001566AD /* PartsReader.swift */ = {isa = PBXFileReference; lastKnownFileType = sourcecode.swift; path = PartsReader.swift; sourceTree = "<group>"; };
		BDE1E34425533E84001566AD /* lvl2.json */ = {isa = PBXFileReference; lastKnownFileType = text.json; path = lvl2.json; sourceTree = "<group>"; };
/* End PBXFileReference section */

/* Begin PBXFrameworksBuildPhase section */
		BD87B5EB25474D1A00F38CE1 /* Frameworks */ = {
			isa = PBXFrameworksBuildPhase;
			buildActionMask = 2147483647;
			files = (
			);
			runOnlyForDeploymentPostprocessing = 0;
		};
		BD87B60225474D1D00F38CE1 /* Frameworks */ = {
			isa = PBXFrameworksBuildPhase;
			buildActionMask = 2147483647;
			files = (
			);
			runOnlyForDeploymentPostprocessing = 0;
		};
		BD87B60D25474D1D00F38CE1 /* Frameworks */ = {
			isa = PBXFrameworksBuildPhase;
			buildActionMask = 2147483647;
			files = (
			);
			runOnlyForDeploymentPostprocessing = 0;
		};
/* End PBXFrameworksBuildPhase section */

/* Begin PBXGroup section */
		16CA95CA2549EAC9003038C9 /* Storyboards */ = {
			isa = PBXGroup;
			children = (
				BD87B5FB25474D1B00F38CE1 /* Main.storyboard */,
				168AE0272559C1840089CBBC /* Launch Screen.storyboard */,
				165E1A112555C2F600BA72CA /* Map.storyboard */,
				16A747D6254B2F8500D59C71 /* Instruction.storyboard */,
			);
			path = Storyboards;
			sourceTree = "<group>";
		};
		16CA95CB2549EAD4003038C9 /* Source Code */ = {
			isa = PBXGroup;
			children = (
				16CA95D12549EAF8003038C9 /* Map.swift */,
				16A747DB254B2F9100D59C71 /* Instruction.swift */,
				165E1A002554958700BA72CA /* UserDefaultCommands.swift */,
			);
			path = "Source Code";
			sourceTree = "<group>";
		};
		16EA972D2555F00300DFFC5F /* Fonts */ = {
			isa = PBXGroup;
			children = (
				16EA972F2555F12B00DFFC5F /* Blogger Sans */,
				16EA972E2555F12B00DFFC5F /* Even-Regular.ttf */,
			);
			path = Fonts;
			sourceTree = "<group>";
		};
		16EA972F2555F12B00DFFC5F /* Blogger Sans */ = {
			isa = PBXGroup;
			children = (
				16EA97302555F12B00DFFC5F /* blogger-sans-ot-guide.pdf */,
				16EA97312555F12B00DFFC5F /* OT-tt */,
				16EA973A2555F12B00DFFC5F /* Web */,
				16EA976E2555F12C00DFFC5F /* OT-ps */,
			);
			path = "Blogger Sans";
			sourceTree = "<group>";
		};
		16EA97312555F12B00DFFC5F /* OT-tt */ = {
			isa = PBXGroup;
			children = (
				16EA97322555F12B00DFFC5F /* Blogger Sans-Light Italic.ttf */,
				16EA97332555F12B00DFFC5F /* Blogger Sans-Bold.ttf */,
				16EA97342555F12B00DFFC5F /* Blogger Sans.ttf */,
				16EA97352555F12B00DFFC5F /* Blogger Sans-Italic.ttf */,
				16EA97362555F12B00DFFC5F /* Blogger Sans-Medium Italic.ttf */,
				16EA97372555F12B00DFFC5F /* Blogger Sans-Bold Italic.ttf */,
				16EA97382555F12B00DFFC5F /* Blogger Sans-Light.ttf */,
				16EA97392555F12B00DFFC5F /* Blogger Sans-Medium.ttf */,
			);
			path = "OT-tt";
			sourceTree = "<group>";
		};
		16EA973A2555F12B00DFFC5F /* Web */ = {
			isa = PBXGroup;
			children = (
				16EA973B2555F12B00DFFC5F /* Blogger Sans */,
				16EA97542555F12C00DFFC5F /* Blogger Sans Light */,
				16EA97612555F12C00DFFC5F /* Blogger Sans Medium */,
			);
			path = Web;
			sourceTree = "<group>";
		};
		16EA973B2555F12B00DFFC5F /* Blogger Sans */ = {
			isa = PBXGroup;
			children = (
				16EA973C2555F12B00DFFC5F /* BloggerSans.ttf */,
				16EA973D2555F12B00DFFC5F /* BloggerSans-Bold.eot */,
				16EA973E2555F12C00DFFC5F /* BloggerSans-Italic.css */,
				16EA973F2555F12C00DFFC5F /* BloggerSans-Italic.svg */,
				16EA97402555F12C00DFFC5F /* BloggerSans-BoldItalic.ttf */,
				16EA97412555F12C00DFFC5F /* BloggerSans-Italic.woff */,
				16EA97422555F12C00DFFC5F /* BloggerSans-Bold.woff */,
				16EA97432555F12C00DFFC5F /* BloggerSans.eot */,
				16EA97442555F12C00DFFC5F /* BloggerSans-Bold.ttf */,
				16EA97452555F12C00DFFC5F /* BloggerSans.html */,
				16EA97462555F12C00DFFC5F /* BloggerSans-BoldItalic.eot */,
				16EA97472555F12C00DFFC5F /* BloggerSans-BoldItalic.woff */,
				16EA97482555F12C00DFFC5F /* BloggerSans-Italic.ttf */,
				16EA97492555F12C00DFFC5F /* BloggerSans-BoldItalic.svg */,
				16EA974A2555F12C00DFFC5F /* BloggerSans-BoldItalic.html */,
				16EA974B2555F12C00DFFC5F /* BloggerSans.css */,
				16EA974C2555F12C00DFFC5F /* BloggerSans.svg */,
				16EA974D2555F12C00DFFC5F /* BloggerSans.woff */,
				16EA974E2555F12C00DFFC5F /* BloggerSans-Bold.html */,
				16EA974F2555F12C00DFFC5F /* BloggerSans-BoldItalic.css */,
				16EA97502555F12C00DFFC5F /* BloggerSans-Italic.eot */,
				16EA97512555F12C00DFFC5F /* BloggerSans-Italic.html */,
				16EA97522555F12C00DFFC5F /* BloggerSans-Bold.css */,
				16EA97532555F12C00DFFC5F /* BloggerSans-Bold.svg */,
			);
			path = "Blogger Sans";
			sourceTree = "<group>";
		};
		16EA97542555F12C00DFFC5F /* Blogger Sans Light */ = {
			isa = PBXGroup;
			children = (
				16EA97552555F12C00DFFC5F /* BloggerSans-LightItalic.eot */,
				16EA97562555F12C00DFFC5F /* BloggerSans-LightItalic.woff */,
				16EA97572555F12C00DFFC5F /* BloggerSans-Light.svg */,
				16EA97582555F12C00DFFC5F /* BloggerSans-LightItalic.ttf */,
				16EA97592555F12C00DFFC5F /* BloggerSans-Light.woff */,
				16EA975A2555F12C00DFFC5F /* BloggerSans-Light.css */,
				16EA975B2555F12C00DFFC5F /* BloggerSans-Light.html */,
				16EA975C2555F12C00DFFC5F /* BloggerSans-Light.eot */,
				16EA975D2555F12C00DFFC5F /* BloggerSans-LightItalic.svg */,
				16EA975E2555F12C00DFFC5F /* BloggerSans-LightItalic.html */,
				16EA975F2555F12C00DFFC5F /* BloggerSans-LightItalic.css */,
				16EA97602555F12C00DFFC5F /* BloggerSans-Light.ttf */,
			);
			path = "Blogger Sans Light";
			sourceTree = "<group>";
		};
		16EA97612555F12C00DFFC5F /* Blogger Sans Medium */ = {
			isa = PBXGroup;
			children = (
				16EA97622555F12C00DFFC5F /* BloggerSans-MediumItalic.ttf */,
				16EA97632555F12C00DFFC5F /* BloggerSans-Medium.eot */,
				16EA97642555F12C00DFFC5F /* BloggerSans-MediumItalic.woff */,
				16EA97652555F12C00DFFC5F /* BloggerSans-Medium.html */,
				16EA97662555F12C00DFFC5F /* BloggerSans-Medium.ttf */,
				16EA97672555F12C00DFFC5F /* BloggerSans-MediumItalic.eot */,
				16EA97682555F12C00DFFC5F /* BloggerSans-MediumItalic.css */,
				16EA97692555F12C00DFFC5F /* BloggerSans-MediumItalic.svg */,
				16EA976A2555F12C00DFFC5F /* BloggerSans-Medium.css */,
				16EA976B2555F12C00DFFC5F /* BloggerSans-Medium.woff */,
				16EA976C2555F12C00DFFC5F /* BloggerSans-Medium.svg */,
				16EA976D2555F12C00DFFC5F /* BloggerSans-MediumItalic.html */,
			);
			path = "Blogger Sans Medium";
			sourceTree = "<group>";
		};
		16EA976E2555F12C00DFFC5F /* OT-ps */ = {
			isa = PBXGroup;
			children = (
				16EA976F2555F12C00DFFC5F /* Blogger Sans-Italic.otf */,
				16EA97702555F12C00DFFC5F /* Blogger Sans.otf */,
				16EA97712555F12C00DFFC5F /* Blogger Sans-Light Italic.otf */,
				16EA97722555F12C00DFFC5F /* Blogger Sans-Bold.otf */,
				16EA97732555F12C00DFFC5F /* Blogger Sans-Light.otf */,
				16EA97742555F12C00DFFC5F /* Blogger Sans-Medium.otf */,
				16EA97752555F12C00DFFC5F /* Blogger Sans-Medium Italic.otf */,
				16EA97762555F12C00DFFC5F /* Blogger Sans-Bold Italic.otf */,
			);
			path = "OT-ps";
			sourceTree = "<group>";
		};
		BD87B5E525474D1A00F38CE1 = {
			isa = PBXGroup;
			children = (
				BD87B5F025474D1A00F38CE1 /* GameEven */,
				BD87B60825474D1D00F38CE1 /* GameEvenTests */,
				BD87B61325474D1D00F38CE1 /* GameEvenUITests */,
				BD87B5EF25474D1A00F38CE1 /* Products */,
			);
			sourceTree = "<group>";
		};
		BD87B5EF25474D1A00F38CE1 /* Products */ = {
			isa = PBXGroup;
			children = (
				BD87B5EE25474D1A00F38CE1 /* GameEven.app */,
				BD87B60525474D1D00F38CE1 /* GameEvenTests.xctest */,
				BD87B61025474D1D00F38CE1 /* GameEvenUITests.xctest */,
			);
			name = Products;
			sourceTree = "<group>";
		};
		BD87B5F025474D1A00F38CE1 /* GameEven */ = {
			isa = PBXGroup;
			children = (
				16EA972D2555F00300DFFC5F /* Fonts */,
				16CA95CA2549EAC9003038C9 /* Storyboards */,
				16CA95CB2549EAD4003038C9 /* Source Code */,
				BD87B5F125474D1A00F38CE1 /* AppDelegate.swift */,
				8966336F254B371D00EBF5DF /* PausePopUpView.swift */,
				BD87B5F525474D1A00F38CE1 /* Actions.sks */,
				168AE0372559C39A0089CBBC /* launch.png */,
				BD87B62E2548A5D000F38CE1 /* Gameplay */,
				BD87B5F925474D1B00F38CE1 /* GameViewController.swift */,
				BD87B5FE25474D1D00F38CE1 /* Assets.xcassets */,
				BD87B60025474D1D00F38CE1 /* Info.plist */,
				89663374254B379700EBF5DF /* LevelCompletePopUpView.swift */,
				BDA32C50255F046800A98D5F /* Localizable.strings */,
			);
			path = GameEven;
			sourceTree = "<group>";
		};
		BD87B60825474D1D00F38CE1 /* GameEvenTests */ = {
			isa = PBXGroup;
			children = (
				BD87B60925474D1D00F38CE1 /* GameEvenTests.swift */,
				BD87B60B25474D1D00F38CE1 /* Info.plist */,
			);
			path = GameEvenTests;
			sourceTree = "<group>";
		};
		BD87B61325474D1D00F38CE1 /* GameEvenUITests */ = {
			isa = PBXGroup;
			children = (
				BD87B61425474D1D00F38CE1 /* GameEvenUITests.swift */,
				BD87B61625474D1D00F38CE1 /* Info.plist */,
			);
			path = GameEvenUITests;
			sourceTree = "<group>";
		};
		BD87B62E2548A5D000F38CE1 /* Gameplay */ = {
			isa = PBXGroup;
			children = (
				BDE1E2F32551CE47001566AD /* Levels */,
				BD87B5F325474D1A00F38CE1 /* GameScene.sks */,
				BD87B5F725474D1A00F38CE1 /* GameScene.swift */,
				BD87B62F2548A63C00F38CE1 /* Square.swift */,
				BD87B6372549E8B800F38CE1 /* Triangle.swift */,
				BD87B646254B354100F38CE1 /* Circle.swift */,
				BD87B63C254A0C5700F38CE1 /* Draggable.swift */,
				BD87B641254A0E7E00F38CE1 /* DraggableProtocol.swift */,
				BDE1E3052551D8E3001566AD /* lvlReader.swift */,
				BDE1E30A2551DA80001566AD /* PartsReader.swift */,
				BDD18D57255B2E25002EA912 /* TrianglePartsReader.swift */,
				89A3A36A2559DD070049132F /* InstructionPopUpView.swift */,
			);
			path = Gameplay;
			sourceTree = "<group>";
		};
		BDE1E2F32551CE47001566AD /* Levels */ = {
			isa = PBXGroup;
			children = (
				BDE1E2F52551D277001566AD /* lvl1.json */,
				BDE1E34425533E84001566AD /* lvl2.json */,
				BDD18D5C255B36E0002EA912 /* lvl3.json */,
				1636F2092564630A00AB4D3F /* lvl4.json */,
			);
			path = Levels;
			sourceTree = "<group>";
		};
/* End PBXGroup section */

/* Begin PBXNativeTarget section */
		BD87B5ED25474D1A00F38CE1 /* GameEven */ = {
			isa = PBXNativeTarget;
			buildConfigurationList = BD87B61925474D1D00F38CE1 /* Build configuration list for PBXNativeTarget "GameEven" */;
			buildPhases = (
				BD87B5EA25474D1A00F38CE1 /* Sources */,
				BD87B5EB25474D1A00F38CE1 /* Frameworks */,
				BD87B5EC25474D1A00F38CE1 /* Resources */,
			);
			buildRules = (
			);
			dependencies = (
			);
			name = GameEven;
			productName = GameEven;
			productReference = BD87B5EE25474D1A00F38CE1 /* GameEven.app */;
			productType = "com.apple.product-type.application";
		};
		BD87B60425474D1D00F38CE1 /* GameEvenTests */ = {
			isa = PBXNativeTarget;
			buildConfigurationList = BD87B61C25474D1D00F38CE1 /* Build configuration list for PBXNativeTarget "GameEvenTests" */;
			buildPhases = (
				BD87B60125474D1D00F38CE1 /* Sources */,
				BD87B60225474D1D00F38CE1 /* Frameworks */,
				BD87B60325474D1D00F38CE1 /* Resources */,
			);
			buildRules = (
			);
			dependencies = (
				BD87B60725474D1D00F38CE1 /* PBXTargetDependency */,
			);
			name = GameEvenTests;
			productName = GameEvenTests;
			productReference = BD87B60525474D1D00F38CE1 /* GameEvenTests.xctest */;
			productType = "com.apple.product-type.bundle.unit-test";
		};
		BD87B60F25474D1D00F38CE1 /* GameEvenUITests */ = {
			isa = PBXNativeTarget;
			buildConfigurationList = BD87B61F25474D1D00F38CE1 /* Build configuration list for PBXNativeTarget "GameEvenUITests" */;
			buildPhases = (
				BD87B60C25474D1D00F38CE1 /* Sources */,
				BD87B60D25474D1D00F38CE1 /* Frameworks */,
				BD87B60E25474D1D00F38CE1 /* Resources */,
			);
			buildRules = (
			);
			dependencies = (
				BD87B61225474D1D00F38CE1 /* PBXTargetDependency */,
			);
			name = GameEvenUITests;
			productName = GameEvenUITests;
			productReference = BD87B61025474D1D00F38CE1 /* GameEvenUITests.xctest */;
			productType = "com.apple.product-type.bundle.ui-testing";
		};
/* End PBXNativeTarget section */

/* Begin PBXProject section */
		BD87B5E625474D1A00F38CE1 /* Project object */ = {
			isa = PBXProject;
			attributes = {
				LastSwiftUpdateCheck = 1200;
				LastUpgradeCheck = 1200;
				TargetAttributes = {
					BD87B5ED25474D1A00F38CE1 = {
						CreatedOnToolsVersion = 12.0.1;
					};
					BD87B60425474D1D00F38CE1 = {
						CreatedOnToolsVersion = 12.0.1;
						TestTargetID = BD87B5ED25474D1A00F38CE1;
					};
					BD87B60F25474D1D00F38CE1 = {
						CreatedOnToolsVersion = 12.0.1;
						TestTargetID = BD87B5ED25474D1A00F38CE1;
					};
				};
			};
			buildConfigurationList = BD87B5E925474D1A00F38CE1 /* Build configuration list for PBXProject "GameEven" */;
			compatibilityVersion = "Xcode 9.3";
			developmentRegion = en;
			hasScannedForEncodings = 0;
			knownRegions = (
				en,
				Base,
				"pt-BR",
			);
			mainGroup = BD87B5E525474D1A00F38CE1;
			productRefGroup = BD87B5EF25474D1A00F38CE1 /* Products */;
			projectDirPath = "";
			projectRoot = "";
			targets = (
				BD87B5ED25474D1A00F38CE1 /* GameEven */,
				BD87B60425474D1D00F38CE1 /* GameEvenTests */,
				BD87B60F25474D1D00F38CE1 /* GameEvenUITests */,
			);
		};
/* End PBXProject section */

/* Begin PBXResourcesBuildPhase section */
		BD87B5EC25474D1A00F38CE1 /* Resources */ = {
			isa = PBXResourcesBuildPhase;
			buildActionMask = 2147483647;
			files = (
				16EA97782555F12C00DFFC5F /* blogger-sans-ot-guide.pdf in Resources */,
				16EA97AD2555F12C00DFFC5F /* BloggerSans-Medium.css in Resources */,
				16EA97A02555F12C00DFFC5F /* BloggerSans-Light.eot in Resources */,
				16EA97B72555F12C00DFFC5F /* Blogger Sans-Medium Italic.otf in Resources */,
				16EA97862555F12C00DFFC5F /* BloggerSans-Italic.woff in Resources */,
				16EA97AC2555F12C00DFFC5F /* BloggerSans-MediumItalic.svg in Resources */,
				16EA979B2555F12C00DFFC5F /* BloggerSans-Light.svg in Resources */,
				BDD18D5D255B36E0002EA912 /* lvl3.json in Resources */,
				16EA978A2555F12C00DFFC5F /* BloggerSans.html in Resources */,
				16EA97B12555F12C00DFFC5F /* Blogger Sans-Italic.otf in Resources */,
				16EA97922555F12C00DFFC5F /* BloggerSans.woff in Resources */,
				16EA97972555F12C00DFFC5F /* BloggerSans-Bold.css in Resources */,
				16EA97B22555F12C00DFFC5F /* Blogger Sans.otf in Resources */,
				16EA97832555F12C00DFFC5F /* BloggerSans-Italic.css in Resources */,
				16EA97A12555F12C00DFFC5F /* BloggerSans-LightItalic.svg in Resources */,
				16EA97842555F12C00DFFC5F /* BloggerSans-Italic.svg in Resources */,
				16EA979E2555F12C00DFFC5F /* BloggerSans-Light.css in Resources */,
				16EA97A42555F12C00DFFC5F /* BloggerSans-Light.ttf in Resources */,
				16EA979D2555F12C00DFFC5F /* BloggerSans-Light.woff in Resources */,
				16EA977F2555F12C00DFFC5F /* Blogger Sans-Light.ttf in Resources */,
				16EA97772555F12C00DFFC5F /* Even-Regular.ttf in Resources */,
				16EA97A92555F12C00DFFC5F /* BloggerSans-Medium.ttf in Resources */,
				BD87B5FD25474D1B00F38CE1 /* Main.storyboard in Resources */,
				16EA97952555F12C00DFFC5F /* BloggerSans-Italic.eot in Resources */,
				16EA97A62555F12C00DFFC5F /* BloggerSans-Medium.eot in Resources */,
				16EA97912555F12C00DFFC5F /* BloggerSans.svg in Resources */,
				16EA97A82555F12C00DFFC5F /* BloggerSans-Medium.html in Resources */,
				16EA97B82555F12C00DFFC5F /* Blogger Sans-Bold Italic.otf in Resources */,
				16EA97AA2555F12C00DFFC5F /* BloggerSans-MediumItalic.eot in Resources */,
				16EA97AF2555F12C00DFFC5F /* BloggerSans-Medium.svg in Resources */,
				16EA978C2555F12C00DFFC5F /* BloggerSans-BoldItalic.woff in Resources */,
				16EA97932555F12C00DFFC5F /* BloggerSans-Bold.html in Resources */,
				16EA977E2555F12C00DFFC5F /* Blogger Sans-Bold Italic.ttf in Resources */,
				16EA97792555F12C00DFFC5F /* Blogger Sans-Light Italic.ttf in Resources */,
				16EA97B02555F12C00DFFC5F /* BloggerSans-MediumItalic.html in Resources */,
				16EA97AE2555F12C00DFFC5F /* BloggerSans-Medium.woff in Resources */,
				16EA97AB2555F12C00DFFC5F /* BloggerSans-MediumItalic.css in Resources */,
				16EA979F2555F12C00DFFC5F /* BloggerSans-Light.html in Resources */,
				BDE1E34525533E84001566AD /* lvl2.json in Resources */,
				16EA97B52555F12C00DFFC5F /* Blogger Sans-Light.otf in Resources */,
				16EA97892555F12C00DFFC5F /* BloggerSans-Bold.ttf in Resources */,
				168AE0382559C39A0089CBBC /* launch.png in Resources */,
				16EA97822555F12C00DFFC5F /* BloggerSans-Bold.eot in Resources */,
				16A747D7254B2F8500D59C71 /* Instruction.storyboard in Resources */,
				16EA97B42555F12C00DFFC5F /* Blogger Sans-Bold.otf in Resources */,
				16EA97812555F12C00DFFC5F /* BloggerSans.ttf in Resources */,
				16EA97A52555F12C00DFFC5F /* BloggerSans-MediumItalic.ttf in Resources */,
				168AE0282559C1840089CBBC /* Launch Screen.storyboard in Resources */,
				1636F20A2564630A00AB4D3F /* lvl4.json in Resources */,
				16EA97872555F12C00DFFC5F /* BloggerSans-Bold.woff in Resources */,
				16EA979A2555F12C00DFFC5F /* BloggerSans-LightItalic.woff in Resources */,
				16EA97802555F12C00DFFC5F /* Blogger Sans-Medium.ttf in Resources */,
				16EA977A2555F12C00DFFC5F /* Blogger Sans-Bold.ttf in Resources */,
				16EA978E2555F12C00DFFC5F /* BloggerSans-BoldItalic.svg in Resources */,
				16EA977B2555F12C00DFFC5F /* Blogger Sans.ttf in Resources */,
				16EA97A22555F12C00DFFC5F /* BloggerSans-LightItalic.html in Resources */,
				16EA97942555F12C00DFFC5F /* BloggerSans-BoldItalic.css in Resources */,
				16EA977D2555F12C00DFFC5F /* Blogger Sans-Medium Italic.ttf in Resources */,
				165E1A122555C2F600BA72CA /* Map.storyboard in Resources */,
				16EA97902555F12C00DFFC5F /* BloggerSans.css in Resources */,
				16EA97852555F12C00DFFC5F /* BloggerSans-BoldItalic.ttf in Resources */,
				16EA97882555F12C00DFFC5F /* BloggerSans.eot in Resources */,
				BDA32C4E255F046800A98D5F /* Localizable.strings in Resources */,
				16EA978B2555F12C00DFFC5F /* BloggerSans-BoldItalic.eot in Resources */,
				16EA97982555F12C00DFFC5F /* BloggerSans-Bold.svg in Resources */,
				16EA978F2555F12C00DFFC5F /* BloggerSans-BoldItalic.html in Resources */,
				16EA97B62555F12C00DFFC5F /* Blogger Sans-Medium.otf in Resources */,
				BD87B5F425474D1A00F38CE1 /* GameScene.sks in Resources */,
				BDE1E2F62551D277001566AD /* lvl1.json in Resources */,
				16EA979C2555F12C00DFFC5F /* BloggerSans-LightItalic.ttf in Resources */,
				16EA97992555F12C00DFFC5F /* BloggerSans-LightItalic.eot in Resources */,
				16EA97A32555F12C00DFFC5F /* BloggerSans-LightItalic.css in Resources */,
				BD87B5FF25474D1D00F38CE1 /* Assets.xcassets in Resources */,
				16EA97962555F12C00DFFC5F /* BloggerSans-Italic.html in Resources */,
				16EA97A72555F12C00DFFC5F /* BloggerSans-MediumItalic.woff in Resources */,
				16EA978D2555F12C00DFFC5F /* BloggerSans-Italic.ttf in Resources */,
				BD87B5F625474D1A00F38CE1 /* Actions.sks in Resources */,
				16EA977C2555F12C00DFFC5F /* Blogger Sans-Italic.ttf in Resources */,
				16EA97B32555F12C00DFFC5F /* Blogger Sans-Light Italic.otf in Resources */,
			);
			runOnlyForDeploymentPostprocessing = 0;
		};
		BD87B60325474D1D00F38CE1 /* Resources */ = {
			isa = PBXResourcesBuildPhase;
			buildActionMask = 2147483647;
			files = (
			);
			runOnlyForDeploymentPostprocessing = 0;
		};
		BD87B60E25474D1D00F38CE1 /* Resources */ = {
			isa = PBXResourcesBuildPhase;
			buildActionMask = 2147483647;
			files = (
			);
			runOnlyForDeploymentPostprocessing = 0;
		};
/* End PBXResourcesBuildPhase section */

/* Begin PBXSourcesBuildPhase section */
		BD87B5EA25474D1A00F38CE1 /* Sources */ = {
			isa = PBXSourcesBuildPhase;
			buildActionMask = 2147483647;
			files = (
				89663370254B371D00EBF5DF /* PausePopUpView.swift in Sources */,
				89663375254B379700EBF5DF /* LevelCompletePopUpView.swift in Sources */,
				BD87B6302548A63C00F38CE1 /* Square.swift in Sources */,
				BD87B647254B354100F38CE1 /* Circle.swift in Sources */,
				BD87B5F825474D1B00F38CE1 /* GameScene.swift in Sources */,
				BD87B6382549E8B800F38CE1 /* Triangle.swift in Sources */,
				89A3A36B2559DD070049132F /* InstructionPopUpView.swift in Sources */,
				BD87B63D254A0C5700F38CE1 /* Draggable.swift in Sources */,
				BDD18D58255B2E25002EA912 /* TrianglePartsReader.swift in Sources */,
				BDE1E30B2551DA80001566AD /* PartsReader.swift in Sources */,
				BDE1E3062551D8E3001566AD /* lvlReader.swift in Sources */,
				BD87B5FA25474D1B00F38CE1 /* GameViewController.swift in Sources */,
				16CA95D22549EAF8003038C9 /* Map.swift in Sources */,
				16A747DC254B2F9100D59C71 /* Instruction.swift in Sources */,
				BD87B642254A0E7E00F38CE1 /* DraggableProtocol.swift in Sources */,
				BD87B5F225474D1A00F38CE1 /* AppDelegate.swift in Sources */,
				165E1A012554958700BA72CA /* UserDefaultCommands.swift in Sources */,
			);
			runOnlyForDeploymentPostprocessing = 0;
		};
		BD87B60125474D1D00F38CE1 /* Sources */ = {
			isa = PBXSourcesBuildPhase;
			buildActionMask = 2147483647;
			files = (
				BD87B60A25474D1D00F38CE1 /* GameEvenTests.swift in Sources */,
			);
			runOnlyForDeploymentPostprocessing = 0;
		};
		BD87B60C25474D1D00F38CE1 /* Sources */ = {
			isa = PBXSourcesBuildPhase;
			buildActionMask = 2147483647;
			files = (
				BD87B61525474D1D00F38CE1 /* GameEvenUITests.swift in Sources */,
			);
			runOnlyForDeploymentPostprocessing = 0;
		};
/* End PBXSourcesBuildPhase section */

/* Begin PBXTargetDependency section */
		BD87B60725474D1D00F38CE1 /* PBXTargetDependency */ = {
			isa = PBXTargetDependency;
			target = BD87B5ED25474D1A00F38CE1 /* GameEven */;
			targetProxy = BD87B60625474D1D00F38CE1 /* PBXContainerItemProxy */;
		};
		BD87B61225474D1D00F38CE1 /* PBXTargetDependency */ = {
			isa = PBXTargetDependency;
			target = BD87B5ED25474D1A00F38CE1 /* GameEven */;
			targetProxy = BD87B61125474D1D00F38CE1 /* PBXContainerItemProxy */;
		};
/* End PBXTargetDependency section */

/* Begin PBXVariantGroup section */
		BD87B5FB25474D1B00F38CE1 /* Main.storyboard */ = {
			isa = PBXVariantGroup;
			children = (
				BD87B5FC25474D1B00F38CE1 /* Base */,
			);
			name = Main.storyboard;
			sourceTree = "<group>";
		};
		BDA32C50255F046800A98D5F /* Localizable.strings */ = {
			isa = PBXVariantGroup;
			children = (
				BDA32C4F255F046800A98D5F /* en */,
				BDA32C54255F046C00A98D5F /* pt-BR */,
			);
			name = Localizable.strings;
			sourceTree = "<group>";
		};
/* End PBXVariantGroup section */

/* Begin XCBuildConfiguration section */
		BD87B61725474D1D00F38CE1 /* Debug */ = {
			isa = XCBuildConfiguration;
			buildSettings = {
				ALWAYS_SEARCH_USER_PATHS = NO;
				CLANG_ANALYZER_LOCALIZABILITY_NONLOCALIZED = YES;
				CLANG_ANALYZER_NONNULL = YES;
				CLANG_ANALYZER_NUMBER_OBJECT_CONVERSION = YES_AGGRESSIVE;
				CLANG_CXX_LANGUAGE_STANDARD = "gnu++14";
				CLANG_CXX_LIBRARY = "libc++";
				CLANG_ENABLE_MODULES = YES;
				CLANG_ENABLE_OBJC_ARC = YES;
				CLANG_ENABLE_OBJC_WEAK = YES;
				CLANG_WARN_BLOCK_CAPTURE_AUTORELEASING = YES;
				CLANG_WARN_BOOL_CONVERSION = YES;
				CLANG_WARN_COMMA = YES;
				CLANG_WARN_CONSTANT_CONVERSION = YES;
				CLANG_WARN_DEPRECATED_OBJC_IMPLEMENTATIONS = YES;
				CLANG_WARN_DIRECT_OBJC_ISA_USAGE = YES_ERROR;
				CLANG_WARN_DOCUMENTATION_COMMENTS = YES;
				CLANG_WARN_EMPTY_BODY = YES;
				CLANG_WARN_ENUM_CONVERSION = YES;
				CLANG_WARN_INFINITE_RECURSION = YES;
				CLANG_WARN_INT_CONVERSION = YES;
				CLANG_WARN_NON_LITERAL_NULL_CONVERSION = YES;
				CLANG_WARN_OBJC_IMPLICIT_RETAIN_SELF = YES;
				CLANG_WARN_OBJC_LITERAL_CONVERSION = YES;
				CLANG_WARN_OBJC_ROOT_CLASS = YES_ERROR;
				CLANG_WARN_QUOTED_INCLUDE_IN_FRAMEWORK_HEADER = YES;
				CLANG_WARN_RANGE_LOOP_ANALYSIS = YES;
				CLANG_WARN_STRICT_PROTOTYPES = YES;
				CLANG_WARN_SUSPICIOUS_MOVE = YES;
				CLANG_WARN_UNGUARDED_AVAILABILITY = YES_AGGRESSIVE;
				CLANG_WARN_UNREACHABLE_CODE = YES;
				CLANG_WARN__DUPLICATE_METHOD_MATCH = YES;
				COPY_PHASE_STRIP = NO;
				DEBUG_INFORMATION_FORMAT = dwarf;
				ENABLE_STRICT_OBJC_MSGSEND = YES;
				ENABLE_TESTABILITY = YES;
				GCC_C_LANGUAGE_STANDARD = gnu11;
				GCC_DYNAMIC_NO_PIC = NO;
				GCC_NO_COMMON_BLOCKS = YES;
				GCC_OPTIMIZATION_LEVEL = 0;
				GCC_PREPROCESSOR_DEFINITIONS = (
					"DEBUG=1",
					"$(inherited)",
				);
				GCC_WARN_64_TO_32_BIT_CONVERSION = YES;
				GCC_WARN_ABOUT_RETURN_TYPE = YES_ERROR;
				GCC_WARN_UNDECLARED_SELECTOR = YES;
				GCC_WARN_UNINITIALIZED_AUTOS = YES_AGGRESSIVE;
				GCC_WARN_UNUSED_FUNCTION = YES;
				GCC_WARN_UNUSED_VARIABLE = YES;
				IPHONEOS_DEPLOYMENT_TARGET = 14.0;
				MTL_ENABLE_DEBUG_INFO = INCLUDE_SOURCE;
				MTL_FAST_MATH = YES;
				ONLY_ACTIVE_ARCH = YES;
				SDKROOT = iphoneos;
				SWIFT_ACTIVE_COMPILATION_CONDITIONS = DEBUG;
				SWIFT_OPTIMIZATION_LEVEL = "-Onone";
			};
			name = Debug;
		};
		BD87B61825474D1D00F38CE1 /* Release */ = {
			isa = XCBuildConfiguration;
			buildSettings = {
				ALWAYS_SEARCH_USER_PATHS = NO;
				CLANG_ANALYZER_LOCALIZABILITY_NONLOCALIZED = YES;
				CLANG_ANALYZER_NONNULL = YES;
				CLANG_ANALYZER_NUMBER_OBJECT_CONVERSION = YES_AGGRESSIVE;
				CLANG_CXX_LANGUAGE_STANDARD = "gnu++14";
				CLANG_CXX_LIBRARY = "libc++";
				CLANG_ENABLE_MODULES = YES;
				CLANG_ENABLE_OBJC_ARC = YES;
				CLANG_ENABLE_OBJC_WEAK = YES;
				CLANG_WARN_BLOCK_CAPTURE_AUTORELEASING = YES;
				CLANG_WARN_BOOL_CONVERSION = YES;
				CLANG_WARN_COMMA = YES;
				CLANG_WARN_CONSTANT_CONVERSION = YES;
				CLANG_WARN_DEPRECATED_OBJC_IMPLEMENTATIONS = YES;
				CLANG_WARN_DIRECT_OBJC_ISA_USAGE = YES_ERROR;
				CLANG_WARN_DOCUMENTATION_COMMENTS = YES;
				CLANG_WARN_EMPTY_BODY = YES;
				CLANG_WARN_ENUM_CONVERSION = YES;
				CLANG_WARN_INFINITE_RECURSION = YES;
				CLANG_WARN_INT_CONVERSION = YES;
				CLANG_WARN_NON_LITERAL_NULL_CONVERSION = YES;
				CLANG_WARN_OBJC_IMPLICIT_RETAIN_SELF = YES;
				CLANG_WARN_OBJC_LITERAL_CONVERSION = YES;
				CLANG_WARN_OBJC_ROOT_CLASS = YES_ERROR;
				CLANG_WARN_QUOTED_INCLUDE_IN_FRAMEWORK_HEADER = YES;
				CLANG_WARN_RANGE_LOOP_ANALYSIS = YES;
				CLANG_WARN_STRICT_PROTOTYPES = YES;
				CLANG_WARN_SUSPICIOUS_MOVE = YES;
				CLANG_WARN_UNGUARDED_AVAILABILITY = YES_AGGRESSIVE;
				CLANG_WARN_UNREACHABLE_CODE = YES;
				CLANG_WARN__DUPLICATE_METHOD_MATCH = YES;
				COPY_PHASE_STRIP = NO;
				DEBUG_INFORMATION_FORMAT = "dwarf-with-dsym";
				ENABLE_NS_ASSERTIONS = NO;
				ENABLE_STRICT_OBJC_MSGSEND = YES;
				GCC_C_LANGUAGE_STANDARD = gnu11;
				GCC_NO_COMMON_BLOCKS = YES;
				GCC_WARN_64_TO_32_BIT_CONVERSION = YES;
				GCC_WARN_ABOUT_RETURN_TYPE = YES_ERROR;
				GCC_WARN_UNDECLARED_SELECTOR = YES;
				GCC_WARN_UNINITIALIZED_AUTOS = YES_AGGRESSIVE;
				GCC_WARN_UNUSED_FUNCTION = YES;
				GCC_WARN_UNUSED_VARIABLE = YES;
				IPHONEOS_DEPLOYMENT_TARGET = 14.0;
				MTL_ENABLE_DEBUG_INFO = NO;
				MTL_FAST_MATH = YES;
				SDKROOT = iphoneos;
				SWIFT_COMPILATION_MODE = wholemodule;
				SWIFT_OPTIMIZATION_LEVEL = "-O";
				VALIDATE_PRODUCT = YES;
			};
			name = Release;
		};
		BD87B61A25474D1D00F38CE1 /* Debug */ = {
			isa = XCBuildConfiguration;
			buildSettings = {
				ASSETCATALOG_COMPILER_APPICON_NAME = AppIcon;
				ASSETCATALOG_COMPILER_GLOBAL_ACCENT_COLOR_NAME = AccentColor;
				CODE_SIGN_STYLE = Automatic;
				DEVELOPMENT_TEAM = YHY9LU893D;
				INFOPLIST_FILE = GameEven/Info.plist;
				LD_RUNPATH_SEARCH_PATHS = (
					"$(inherited)",
					"@executable_path/Frameworks",
				);
				PRODUCT_BUNDLE_IDENTIFIER = Aoki.GameEven;
				PRODUCT_NAME = "$(TARGET_NAME)";
				SWIFT_VERSION = 5.0;
				TARGETED_DEVICE_FAMILY = "1,2";
			};
			name = Debug;
		};
		BD87B61B25474D1D00F38CE1 /* Release */ = {
			isa = XCBuildConfiguration;
			buildSettings = {
				ASSETCATALOG_COMPILER_APPICON_NAME = AppIcon;
				ASSETCATALOG_COMPILER_GLOBAL_ACCENT_COLOR_NAME = AccentColor;
				CODE_SIGN_IDENTITY = "Apple Development";
				CODE_SIGN_STYLE = Automatic;
				DEVELOPMENT_TEAM = YHY9LU893D;
				INFOPLIST_FILE = GameEven/Info.plist;
				LD_RUNPATH_SEARCH_PATHS = (
					"$(inherited)",
					"@executable_path/Frameworks",
				);
				PRODUCT_BUNDLE_IDENTIFIER = Aoki.GameEven;
				PRODUCT_NAME = "$(TARGET_NAME)";
				PROVISIONING_PROFILE_SPECIFIER = "";
				SWIFT_VERSION = 5.0;
				TARGETED_DEVICE_FAMILY = "1,2";
			};
			name = Release;
		};
		BD87B61D25474D1D00F38CE1 /* Debug */ = {
			isa = XCBuildConfiguration;
			buildSettings = {
				ALWAYS_EMBED_SWIFT_STANDARD_LIBRARIES = YES;
				BUNDLE_LOADER = "$(TEST_HOST)";
				CODE_SIGN_STYLE = Automatic;
				DEVELOPMENT_TEAM = HKSJLM4DRR;
				INFOPLIST_FILE = GameEvenTests/Info.plist;
				IPHONEOS_DEPLOYMENT_TARGET = 14.0;
				LD_RUNPATH_SEARCH_PATHS = (
					"$(inherited)",
					"@executable_path/Frameworks",
					"@loader_path/Frameworks",
				);
				PRODUCT_BUNDLE_IDENTIFIER = Aoki.GameEvenTests;
				PRODUCT_NAME = "$(TARGET_NAME)";
				SWIFT_VERSION = 5.0;
				TARGETED_DEVICE_FAMILY = "1,2";
				TEST_HOST = "$(BUILT_PRODUCTS_DIR)/GameEven.app/GameEven";
			};
			name = Debug;
		};
		BD87B61E25474D1D00F38CE1 /* Release */ = {
			isa = XCBuildConfiguration;
			buildSettings = {
				ALWAYS_EMBED_SWIFT_STANDARD_LIBRARIES = YES;
				BUNDLE_LOADER = "$(TEST_HOST)";
				CODE_SIGN_STYLE = Automatic;
				DEVELOPMENT_TEAM = HKSJLM4DRR;
				INFOPLIST_FILE = GameEvenTests/Info.plist;
				IPHONEOS_DEPLOYMENT_TARGET = 14.0;
				LD_RUNPATH_SEARCH_PATHS = (
					"$(inherited)",
					"@executable_path/Frameworks",
					"@loader_path/Frameworks",
				);
				PRODUCT_BUNDLE_IDENTIFIER = Aoki.GameEvenTests;
				PRODUCT_NAME = "$(TARGET_NAME)";
				SWIFT_VERSION = 5.0;
				TARGETED_DEVICE_FAMILY = "1,2";
				TEST_HOST = "$(BUILT_PRODUCTS_DIR)/GameEven.app/GameEven";
			};
			name = Release;
		};
		BD87B62025474D1D00F38CE1 /* Debug */ = {
			isa = XCBuildConfiguration;
			buildSettings = {
				ALWAYS_EMBED_SWIFT_STANDARD_LIBRARIES = YES;
				CODE_SIGN_STYLE = Automatic;
				DEVELOPMENT_TEAM = HKSJLM4DRR;
				INFOPLIST_FILE = GameEvenUITests/Info.plist;
				LD_RUNPATH_SEARCH_PATHS = (
					"$(inherited)",
					"@executable_path/Frameworks",
					"@loader_path/Frameworks",
				);
				PRODUCT_BUNDLE_IDENTIFIER = Aoki.GameEvenUITests;
				PRODUCT_NAME = "$(TARGET_NAME)";
				SWIFT_VERSION = 5.0;
				TARGETED_DEVICE_FAMILY = "1,2";
				TEST_TARGET_NAME = GameEven;
			};
			name = Debug;
		};
		BD87B62125474D1D00F38CE1 /* Release */ = {
			isa = XCBuildConfiguration;
			buildSettings = {
				ALWAYS_EMBED_SWIFT_STANDARD_LIBRARIES = YES;
				CODE_SIGN_STYLE = Automatic;
				DEVELOPMENT_TEAM = HKSJLM4DRR;
				INFOPLIST_FILE = GameEvenUITests/Info.plist;
				LD_RUNPATH_SEARCH_PATHS = (
					"$(inherited)",
					"@executable_path/Frameworks",
					"@loader_path/Frameworks",
				);
				PRODUCT_BUNDLE_IDENTIFIER = Aoki.GameEvenUITests;
				PRODUCT_NAME = "$(TARGET_NAME)";
				SWIFT_VERSION = 5.0;
				TARGETED_DEVICE_FAMILY = "1,2";
				TEST_TARGET_NAME = GameEven;
			};
			name = Release;
		};
/* End XCBuildConfiguration section */

/* Begin XCConfigurationList section */
		BD87B5E925474D1A00F38CE1 /* Build configuration list for PBXProject "GameEven" */ = {
			isa = XCConfigurationList;
			buildConfigurations = (
				BD87B61725474D1D00F38CE1 /* Debug */,
				BD87B61825474D1D00F38CE1 /* Release */,
			);
			defaultConfigurationIsVisible = 0;
			defaultConfigurationName = Release;
		};
		BD87B61925474D1D00F38CE1 /* Build configuration list for PBXNativeTarget "GameEven" */ = {
			isa = XCConfigurationList;
			buildConfigurations = (
				BD87B61A25474D1D00F38CE1 /* Debug */,
				BD87B61B25474D1D00F38CE1 /* Release */,
			);
			defaultConfigurationIsVisible = 0;
			defaultConfigurationName = Release;
		};
		BD87B61C25474D1D00F38CE1 /* Build configuration list for PBXNativeTarget "GameEvenTests" */ = {
			isa = XCConfigurationList;
			buildConfigurations = (
				BD87B61D25474D1D00F38CE1 /* Debug */,
				BD87B61E25474D1D00F38CE1 /* Release */,
			);
			defaultConfigurationIsVisible = 0;
			defaultConfigurationName = Release;
		};
		BD87B61F25474D1D00F38CE1 /* Build configuration list for PBXNativeTarget "GameEvenUITests" */ = {
			isa = XCConfigurationList;
			buildConfigurations = (
				BD87B62025474D1D00F38CE1 /* Debug */,
				BD87B62125474D1D00F38CE1 /* Release */,
			);
			defaultConfigurationIsVisible = 0;
			defaultConfigurationName = Release;
		};
/* End XCConfigurationList section */
	};
	rootObject = BD87B5E625474D1A00F38CE1 /* Project object */;
}
